
Microsoft Visual Studio Solution File, Format Version 12.00
# Visual Studio Version 16
VisualStudioVersion = 16.0.28803.202
MinimumVisualStudioVersion = 10.0.40219.1
Project("{FAE04EC0-301F-11D3-BF4B-00C04F79EFBC}") = "OOOUlov", "OOOUlov\OOOUlov.csproj", "{CE19831C-E3D7-4C8E-81E9-6B7906209739}"
EndProject
Global
	GlobalSection(SolutionConfigurationPlatforms) = preSolution
		Debug|Any CPU = Debug|Any CPU
		Release|Any CPU = Release|Any CPU
	EndGlobalSection
	GlobalSection(ProjectConfigurationPlatforms) = postSolution
		{CE19831C-E3D7-4C8E-81E9-6B7906209739}.Debug|Any CPU.ActiveCfg = Debug|Any CPU
		{CE19831C-E3D7-4C8E-81E9-6B7906209739}.Debug|Any CPU.Build.0 = Debug|Any CPU
		{CE19831C-E3D7-4C8E-81E9-6B7906209739}.Release|Any CPU.ActiveCfg = Release|Any CPU
		{CE19831C-E3D7-4C8E-81E9-6B7906209739}.Release|Any CPU.Build.0 = Release|Any CPU
	EndGlobalSection
	GlobalSection(SolutionProperties) = preSolution
		HideSolutionNode = FALSE
	EndGlobalSection
	GlobalSection(ExtensibilityGlobals) = postSolution
		SolutionGuid = {D9485000-F681-4E81-B666-AC6B028FAFA0}
	EndGlobalSection
EndGlobal
